<?xml version="1.0" encoding="utf-8"?>
<Project ToolsVersion="4.0" xmlns="http://schemas.microsoft.com/developer/msbuild/2003">
  <ItemGroup>
    <Filter Include="源文件">
      <UniqueIdentifier>{4FC737F1-C7A5-4376-A066-2A32D752A2FF}</UniqueIdentifier>
      <Extensions>cpp;c;cc;cxx;def;odl;idl;hpj;bat;asm;asmx</Extensions>
    </Filter>
    <Filter Include="头文件">
      <UniqueIdentifier>{93995380-89BD-4b04-88EB-625FBE52EBFB}</UniqueIdentifier>
      <Extensions>h;hpp;hxx;hm;inl;inc;xsd</Extensions>
    </Filter>
    <Filter Include="资源文件">
      <UniqueIdentifier>{67DA6AB6-F800-4c08-8B7A-83BB121AAD01}</UniqueIdentifier>
      <Extensions>rc;ico;cur;bmp;dlg;rc2;rct;bin;rgs;gif;jpg;jpeg;jpe;resx;tiff;tif;png;wav;mfcribbon-ms</Extensions>
    </Filter>
    <Filter Include="登陆注册类">
      <UniqueIdentifier>{a98ac0c7-002a-4cf7-a9a7-527a08fe699a}</UniqueIdentifier>
    </Filter>
    <Filter Include="航空公司">
      <UniqueIdentifier>{6d6dc228-6b6b-4413-8602-5f858fc110ff}</UniqueIdentifier>
    </Filter>
    <Filter Include="公共类">
      <UniqueIdentifier>{a91d019b-54dd-492d-b157-02c3a0ad7183}</UniqueIdentifier>
    </Filter>
    <Filter Include="用户类">
      <UniqueIdentifier>{9fcd0632-c521-45e9-91ef-95dc7b58373a}</UniqueIdentifier>
    </Filter>
  </ItemGroup>
  <ItemGroup>
    <None Include="ReadMe.txt" />
    <None Include="res\PassengerTicketSystem.rc2">
      <Filter>资源文件</Filter>
    </None>
    <None Include="res\PassengerTicketSystem.ico">
      <Filter>资源文件</Filter>
    </None>
    <None Include="res\toolbar1.bmp">
      <Filter>资源文件</Filter>
    </None>
    <None Include="res\initpintu_副本.bmp">
      <Filter>资源文件</Filter>
    </None>
    <None Include="res\MZCPU.bmp">
      <Filter>资源文件</Filter>
    </None>
    <None Include="..\..\课设\13988.bmp">
      <Filter>资源文件</Filter>
    </None>
    <None Include="..\..\课设\2011052107140712_S.bmp">
      <Filter>资源文件</Filter>
    </None>
    <None Include="res\13988.bmp">
      <Filter>资源文件</Filter>
    </None>
    <None Include="res\2011052107140712_S.bmp">
      <Filter>资源文件</Filter>
    </None>
    <None Include="res\MyFLY.bmp">
      <Filter>资源文件</Filter>
    </None>
    <None Include="res\PICTURE_ORDER.bmp">
      <Filter>资源文件</Filter>
    </None>
    <None Include="res\bitmap2.bmp">
      <Filter>资源文件</Filter>
    </None>
    <None Include="res\GRAND.bmp">
      <Filter>资源文件</Filter>
    </None>
    <None Include="res\飞机.bmp">
      <Filter>资源文件</Filter>
    </None>
    <None Include="res\订单.bmp">
      <Filter>资源文件</Filter>
    </None>
    <None Include="res\yuding_副本.bmp">
      <Filter>资源文件</Filter>
    </None>
  </ItemGroup>
  <ItemGroup>
    <ClInclude Include="PassengerTicketSystem.h">
      <Filter>头文件</Filter>
    </ClInclude>
    <ClInclude Include="PassengerTicketSystemDlg.h">
      <Filter>头文件</Filter>
    </ClInclude>
    <ClInclude Include="stdafx.h">
      <Filter>头文件</Filter>
    </ClInclude>
    <ClInclude Include="targetver.h">
      <Filter>头文件</Filter>
    </ClInclude>
    <ClInclude Include="Resource.h">
      <Filter>头文件</Filter>
    </ClInclude>
    <ClInclude Include="Login.h">
      <Filter>登陆注册类</Filter>
    </ClInclude>
    <ClInclude Include="Register.h">
      <Filter>登陆注册类</Filter>
    </ClInclude>
    <ClInclude Include="Flight.h">
      <Filter>航空公司</Filter>
    </ClInclude>
    <ClInclude Include="Common.h">
      <Filter>公共类</Filter>
    </ClInclude>
    <ClInclude Include="Person.h">
      <Filter>用户类</Filter>
    </ClInclude>
    <ClInclude Include="Welcome.h">
      <Filter>用户类</Filter>
    </ClInclude>
    <ClInclude Include="ADDFLIGHT.h">
      <Filter>航空公司</Filter>
    </ClInclude>
    <ClInclude Include="ShowFlight.h">
      <Filter>用户类</Filter>
    </ClInclude>
    <ClInclude Include="Tickets.h">
      <Filter>用户类</Filter>
    </ClInclude>
    <ClInclude Include="Type.h">
      <Filter>登陆注册类</Filter>
    </ClInclude>
    <ClInclude Include="Order.h">
      <Filter>用户类</Filter>
    </ClInclude>
    <ClInclude Include="Return.h">
      <Filter>用户类</Filter>
    </ClInclude>
    <ClInclude Include="CompanyOrder.h">
      <Filter>航空公司</Filter>
    </ClInclude>
  </ItemGroup>
  <ItemGroup>
    <ClCompile Include="PassengerTicketSystem.cpp">
      <Filter>源文件</Filter>
    </ClCompile>
    <ClCompile Include="PassengerTicketSystemDlg.cpp">
      <Filter>源文件</Filter>
    </ClCompile>
    <ClCompile Include="stdafx.cpp">
      <Filter>源文件</Filter>
    </ClCompile>
    <ClCompile Include="Login.cpp">
      <Filter>登陆注册类</Filter>
    </ClCompile>
    <ClCompile Include="Register.cpp">
      <Filter>登陆注册类</Filter>
    </ClCompile>
    <ClCompile Include="Flight.cpp">
      <Filter>航空公司</Filter>
    </ClCompile>
    <ClCompile Include="Common.cpp">
      <Filter>公共类</Filter>
    </ClCompile>
    <ClCompile Include="Person.cpp">
      <Filter>用户类</Filter>
    </ClCompile>
    <ClCompile Include="Welcome.cpp">
      <Filter>用户类</Filter>
    </ClCompile>
    <ClCompile Include="ADDFLIGHT.cpp">
      <Filter>航空公司</Filter>
    </ClCompile>
    <ClCompile Include="ShowFlight.cpp">
      <Filter>用户类</Filter>
    </ClCompile>
    <ClCompile Include="Tickets.cpp">
      <Filter>用户类</Filter>
    </ClCompile>
    <ClCompile Include="Type.cpp">
      <Filter>登陆注册类</Filter>
    </ClCompile>
    <ClCompile Include="Order.cpp">
      <Filter>用户类</Filter>
    </ClCompile>
    <ClCompile Include="Return.cpp">
      <Filter>用户类</Filter>
    </ClCompile>
    <ClCompile Include="CompanyOrder.cpp">
      <Filter>航空公司</Filter>
    </ClCompile>
  </ItemGroup>
  <ItemGroup>
    <ResourceCompile Include="PassengerTicketSystem.rc">
      <Filter>资源文件</Filter>
    </ResourceCompile>
  </ItemGroup>
</Project>