
Microsoft Visual Studio Solution File, Format Version 10.00
# Visual Studio 2008
Project("{8BC9CEB8-8B4A-11D0-8D11-00A0C91BC942}") = "PELooker", "PELooker\PELooker.vcproj", "{D56DE384-7D9F-41E1-81CD-3CEF8BDA0FBE}"
EndProject
Global
	GlobalSection(SolutionConfigurationPlatforms) = preSolution
		Debug|Win32 = Debug|Win32
		Release|Win32 = Release|Win32
	EndGlobalSection
	GlobalSection(ProjectConfigurationPlatforms) = postSolution
		{D56DE384-7D9F-41E1-81CD-3CEF8BDA0FBE}.Debug|Win32.ActiveCfg = Debug|Win32
		{D56DE384-7D9F-41E1-81CD-3CEF8BDA0FBE}.Debug|Win32.Build.0 = Debug|Win32
		{D56DE384-7D9F-41E1-81CD-3CEF8BDA0FBE}.Release|Win32.ActiveCfg = Release|Win32
		{D56DE384-7D9F-41E1-81CD-3CEF8BDA0FBE}.Release|Win32.Build.0 = Release|Win32
	EndGlobalSection
	GlobalSection(SolutionProperties) = preSolution
		HideSolutionNode = FALSE
	EndGlobalSection
EndGlobal
